uuid: 36b49339-5dba-45b2-b041-db1d0da6e7c2
langcode: en
status: false
dependencies:
  config:
    - block_visibility_groups.block_visibility_group.home_min_menu
  module:
    - block_attributes
    - block_visibility_groups
    - ntv_block_background
    - nvt_flickr_feeds
  theme:
    - hawell
third_party_settings:
  block_attributes:
    attr_class: 'col-md-3 col-sm-3'
    attr_id: ''
    block_title: ''
    block_divider: 'no'
    block_title_icon: ''
  ntv_block_background:
    disable: disable
    color: '#000000'
    bg_image: {  }
    bg_image_type: default
    bg_repeat: 'no'
    bg_image_position: ''
    bg_image_size: ''
    background_overlay: ''
id: flickrblock
theme: hawell
region: topbar
weight: 0
provider: null
plugin: flickr_block
settings:
  id: flickr_block
  label: 'FLICKR FEEDS'
  provider: nvt_flickr_feeds
  label_display: visible
  flickr_username: 91212552@N07
  flickr_limit: '6'
visibility:
  condition_group:
    id: condition_group
    negate: false
    block_visibility_group: home_min_menu
    context_mapping: {  }
